Microsoft Visual Studio Solution File, Format Version 12.00
# Visual Studio Version 17
VisualStudioVersion = 17.7.34031.279
MinimumVisualStudioVersion = 10.0.40219.1
Project("{9A19103F-16F7-4668-BE54-9A1E7A4F7556}") = "SCHIZO", "SCHIZO\SCHIZO.csproj", "{B37C5667-2245-47BC-B268-AA7D2FE105FE}"
EndProject
Project("{2150E333-8FDC-42A3-9474-1A3956D46DE8}") = "Non-project Files", "Non-project Files", "{FEDF144D-4CF9-4C95-9E95-6A6344DCCE05}"
	ProjectSection(SolutionItems) = preProject
		BelowZero.props = BelowZero.props
		Directory.Build.props = Directory.Build.props
		nuget.config = nuget.config
		README.md = README.md
		Subnautica.props = Subnautica.props
	EndProjectSection
EndProject
Project("{9A19103F-16F7-4668-BE54-9A1E7A4F7556}") = "Control", "Control\Control.csproj", "{157C36C7-C4AB-4253-93E9-13F134C2C00D}"
EndProject
Global
	GlobalSection(SolutionConfigurationPlatforms) = preSolution
		BelowZero|Any CPU = BelowZero|Any CPU
		Control|Any CPU = Control|Any CPU
		Subnautica|Any CPU = Subnautica|Any CPU
	EndGlobalSection
	GlobalSection(ProjectConfigurationPlatforms) = postSolution
		{B37C5667-2245-47BC-B268-AA7D2FE105FE}.BelowZero|Any CPU.ActiveCfg = BelowZero|Any CPU
		{B37C5667-2245-47BC-B268-AA7D2FE105FE}.BelowZero|Any CPU.Build.0 = BelowZero|Any CPU
		{B37C5667-2245-47BC-B268-AA7D2FE105FE}.Control|Any CPU.ActiveCfg = BelowZero|Any CPU
		{B37C5667-2245-47BC-B268-AA7D2FE105FE}.Subnautica|Any CPU.ActiveCfg = Subnautica|Any CPU
		{B37C5667-2245-47BC-B268-AA7D2FE105FE}.Subnautica|Any CPU.Build.0 = Subnautica|Any CPU
		{157C36C7-C4AB-4253-93E9-13F134C2C00D}.BelowZero|Any CPU.ActiveCfg = Debug|Any CPU
		{157C36C7-C4AB-4253-93E9-13F134C2C00D}.Control|Any CPU.ActiveCfg = Debug|Any CPU
		{157C36C7-C4AB-4253-93E9-13F134C2C00D}.Control|Any CPU.Build.0 = Debug|Any CPU
		{157C36C7-C4AB-4253-93E9-13F134C2C00D}.Subnautica|Any CPU.ActiveCfg = Debug|Any CPU
	EndGlobalSection
	GlobalSection(SolutionProperties) = preSolution
		HideSolutionNode = FALSE
	EndGlobalSection
	GlobalSection(ExtensibilityGlobals) = postSolution
		SolutionGuid = {B0FCBA84-5FC1-4BF9-8266-B9788255358E}
	EndGlobalSection
EndGlobal
